PODS:
  - Alamofire (5.3.0)
  - IQKeyboardManager (6.5.6)
  - MBProgressHUD (1.2.0)
  - SwiftyJSON (5.0.0)

DEPENDENCIES:
  - Alamofire
  - IQKeyboardManager
  - MBProgressHUD
  - SwiftyJSON

SPEC REPOS:
  trunk:
    - Alamofire
    - IQKeyboardManager
    - MBProgressHUD
    - SwiftyJSON

SPEC CHECKSUMS:
  Alamofire: 2c792affbdc2f18016e08fdbcacd60aebe1ba593
  IQKeyboardManager: 2a6e97afdafc7becf0cb17a9a8d795e3a980717f
  MBProgressHUD: 3ee5efcc380f6a79a7cc9b363dd669c5e1ae7406
  SwiftyJSON: 36413e04c44ee145039d332b4f4e2d3e8d6c4db7

PODFILE CHECKSUM: c1253675db6023b42093093d048aec9243420c6a

COCOAPODS: 1.10.0
