// !$*UTF8*$!
{
	archiveVersion = 1;
	classes = {
	};
	objectVersion = 50;
	objects = {

/* Begin PBXBuildFile section */
		84E71B1A25509541003F09B7 /* AppDelegate.swift in Sources */ = {isa = PBXBuildFile; fileRef = 84E71B1925509541003F09B7 /* AppDelegate.swift */; };
		84E71B1C25509541003F09B7 /* SceneDelegate.swift in Sources */ = {isa = PBXBuildFile; fileRef = 84E71B1B25509541003F09B7 /* SceneDelegate.swift */; };
		84E71B1E25509541003F09B7 /* ViewController.swift in Sources */ = {isa = PBXBuildFile; fileRef = 84E71B1D25509541003F09B7 /* ViewController.swift */; };
		84E71B2125509541003F09B7 /* Main.storyboard in Resources */ = {isa = PBXBuildFile; fileRef = 84E71B1F25509541003F09B7 /* Main.storyboard */; };
		84E71B2325509542003F09B7 /* Assets.xcassets in Resources */ = {isa = PBXBuildFile; fileRef = 84E71B2225509542003F09B7 /* Assets.xcassets */; };
		84E71B2625509542003F09B7 /* LaunchScreen.storyboard in Resources */ = {isa = PBXBuildFile; fileRef = 84E71B2425509542003F09B7 /* LaunchScreen.storyboard */; };
		84E71B3125509542003F09B7 /* UserRegisterTableTests.swift in Sources */ = {isa = PBXBuildFile; fileRef = 84E71B3025509542003F09B7 /* UserRegisterTableTests.swift */; };
		84E71B3C25509542003F09B7 /* UserRegisterTableUITests.swift in Sources */ = {isa = PBXBuildFile; fileRef = 84E71B3B25509542003F09B7 /* UserRegisterTableUITests.swift */; };
/* End PBXBuildFile section */

/* Begin PBXContainerItemProxy section */
		84E71B2D25509542003F09B7 /* PBXContainerItemProxy */ = {
			isa = PBXContainerItemProxy;
			containerPortal = 84E71B0E25509541003F09B7 /* Project object */;
			proxyType = 1;
			remoteGlobalIDString = 84E71B1525509541003F09B7;
			remoteInfo = UserRegisterTable;
		};
		84E71B3825509542003F09B7 /* PBXContainerItemProxy */ = {
			isa = PBXContainerItemProxy;
			containerPortal = 84E71B0E25509541003F09B7 /* Project object */;
			proxyType = 1;
			remoteGlobalIDString = 84E71B1525509541003F09B7;
			remoteInfo = UserRegisterTable;
		};
/* End PBXContainerItemProxy section */

/* Begin PBXFileReference section */
		84E71B1625509541003F09B7 /* UserRegisterTable.app */ = {isa = PBXFileReference; explicitFileType = wrapper.application; includeInIndex = 0; path = UserRegisterTable.app; sourceTree = BUILT_PRODUCTS_DIR; };
		84E71B1925509541003F09B7 /* AppDelegate.swift */ = {isa = PBXFileReference; lastKnownFileType = sourcecode.swift; path = AppDelegate.swift; sourceTree = "<group>"; };
		84E71B1B25509541003F09B7 /* SceneDelegate.swift */ = {isa = PBXFileReference; lastKnownFileType = sourcecode.swift; path = SceneDelegate.swift; sourceTree = "<group>"; };
		84E71B1D25509541003F09B7 /* ViewController.swift */ = {isa = PBXFileReference; lastKnownFileType = sourcecode.swift; path = ViewController.swift; sourceTree = "<group>"; };
		84E71B2025509541003F09B7 /* Base */ = {isa = PBXFileReference; lastKnownFileType = file.storyboard; name = Base; path = Base.lproj/Main.storyboard; sourceTree = "<group>"; };
		84E71B2225509542003F09B7 /* Assets.xcassets */ = {isa = PBXFileReference; lastKnownFileType = folder.assetcatalog; path = Assets.xcassets; sourceTree = "<group>"; };
		84E71B2525509542003F09B7 /* Base */ = {isa = PBXFileReference; lastKnownFileType = file.storyboard; name = Base; path = Base.lproj/LaunchScreen.storyboard; sourceTree = "<group>"; };
		84E71B2725509542003F09B7 /* Info.plist */ = {isa = PBXFileReference; lastKnownFileType = text.plist.xml; path = Info.plist; sourceTree = "<group>"; };
		84E71B2C25509542003F09B7 /* UserRegisterTableTests.xctest */ = {isa = PBXFileReference; explicitFileType = wrapper.cfbundle; includeInIndex = 0; path = UserRegisterTableTests.xctest; sourceTree = BUILT_PRODUCTS_DIR; };
		84E71B3025509542003F09B7 /* UserRegisterTableTests.swift */ = {isa = PBXFileReference; lastKnownFileType = sourcecode.swift; path = UserRegisterTableTests.swift; sourceTree = "<group>"; };
		84E71B3225509542003F09B7 /* Info.plist */ = {isa = PBXFileReference; lastKnownFileType = text.plist.xml; path = Info.plist; sourceTree = "<group>"; };
		84E71B3725509542003F09B7 /* UserRegisterTableUITests.xctest */ = {isa = PBXFileReference; explicitFileType = wrapper.cfbundle; includeInIndex = 0; path = UserRegisterTableUITests.xctest; sourceTree = BUILT_PRODUCTS_DIR; };
		84E71B3B25509542003F09B7 /* UserRegisterTableUITests.swift */ = {isa = PBXFileReference; lastKnownFileType = sourcecode.swift; path = UserRegisterTableUITests.swift; sourceTree = "<group>"; };
		84E71B3D25509542003F09B7 /* Info.plist */ = {isa = PBXFileReference; lastKnownFileType = text.plist.xml; path = Info.plist; sourceTree = "<group>"; };
/* End PBXFileReference section */

/* Begin PBXFrameworksBuildPhase section */
		84E71B1325509541003F09B7 /* Frameworks */ = {
			isa = PBXFrameworksBuildPhase;
			buildActionMask = 2147483647;
			files = (
			);
			runOnlyForDeploymentPostprocessing = 0;
		};
		84E71B2925509542003F09B7 /* Frameworks */ = {
			isa = PBXFrameworksBuildPhase;
			buildActionMask = 2147483647;
			files = (
			);
			runOnlyForDeploymentPostprocessing = 0;
		};
		84E71B3425509542003F09B7 /* Frameworks */ = {
			isa = PBXFrameworksBuildPhase;
			buildActionMask = 2147483647;
			files = (
			);
			runOnlyForDeploymentPostprocessing = 0;
		};
/* End PBXFrameworksBuildPhase section */

/* Begin PBXGroup section */
		84E71B0D25509541003F09B7 = {
			isa = PBXGroup;
			children = (
				84E71B1825509541003F09B7 /* UserRegisterTable */,
				84E71B2F25509542003F09B7 /* UserRegisterTableTests */,
				84E71B3A25509542003F09B7 /* UserRegisterTableUITests */,
				84E71B1725509541003F09B7 /* Products */,
			);
			sourceTree = "<group>";
		};
		84E71B1725509541003F09B7 /* Products */ = {
			isa = PBXGroup;
			children = (
				84E71B1625509541003F09B7 /* UserRegisterTable.app */,
				84E71B2C25509542003F09B7 /* UserRegisterTableTests.xctest */,
				84E71B3725509542003F09B7 /* UserRegisterTableUITests.xctest */,
			);
			name = Products;
			sourceTree = "<group>";
		};
		84E71B1825509541003F09B7 /* UserRegisterTable */ = {
			isa = PBXGroup;
			children = (
				84E71B1925509541003F09B7 /* AppDelegate.swift */,
				84E71B1B25509541003F09B7 /* SceneDelegate.swift */,
				84E71B1D25509541003F09B7 /* ViewController.swift */,
				84E71B1F25509541003F09B7 /* Main.storyboard */,
				84E71B2225509542003F09B7 /* Assets.xcassets */,
				84E71B2425509542003F09B7 /* LaunchScreen.storyboard */,
				84E71B2725509542003F09B7 /* Info.plist */,
			);
			path = UserRegisterTable;
			sourceTree = "<group>";
		};
		84E71B2F25509542003F09B7 /* UserRegisterTableTests */ = {
			isa = PBXGroup;
			children = (
				84E71B3025509542003F09B7 /* UserRegisterTableTests.swift */,
				84E71B3225509542003F09B7 /* Info.plist */,
			);
			path = UserRegisterTableTests;
			sourceTree = "<group>";
		};
		84E71B3A25509542003F09B7 /* UserRegisterTableUITests */ = {
			isa = PBXGroup;
			children = (
				84E71B3B25509542003F09B7 /* UserRegisterTableUITests.swift */,
				84E71B3D25509542003F09B7 /* Info.plist */,
			);
			path = UserRegisterTableUITests;
			sourceTree = "<group>";
		};
/* End PBXGroup section */

/* Begin PBXNativeTarget section */
		84E71B1525509541003F09B7 /* UserRegisterTable */ = {
			isa = PBXNativeTarget;
			buildConfigurationList = 84E71B4025509542003F09B7 /* Build configuration list for PBXNativeTarget "UserRegisterTable" */;
			buildPhases = (
				84E71B1225509541003F09B7 /* Sources */,
				84E71B1325509541003F09B7 /* Frameworks */,
				84E71B1425509541003F09B7 /* Resources */,
			);
			buildRules = (
			);
			dependencies = (
			);
			name = UserRegisterTable;
			productName = UserRegisterTable;
			productReference = 84E71B1625509541003F09B7 /* UserRegisterTable.app */;
			productType = "com.apple.product-type.application";
		};
		84E71B2B25509542003F09B7 /* UserRegisterTableTests */ = {
			isa = PBXNativeTarget;
			buildConfigurationList = 84E71B4325509542003F09B7 /* Build configuration list for PBXNativeTarget "UserRegisterTableTests" */;
			buildPhases = (
				84E71B2825509542003F09B7 /* Sources */,
				84E71B2925509542003F09B7 /* Frameworks */,
				84E71B2A25509542003F09B7 /* Resources */,
			);
			buildRules = (
			);
			dependencies = (
				84E71B2E25509542003F09B7 /* PBXTargetDependency */,
			);
			name = UserRegisterTableTests;
			productName = UserRegisterTableTests;
			productReference = 84E71B2C25509542003F09B7 /* UserRegisterTableTests.xctest */;
			productType = "com.apple.product-type.bundle.unit-test";
		};
		84E71B3625509542003F09B7 /* UserRegisterTableUITests */ = {
			isa = PBXNativeTarget;
			buildConfigurationList = 84E71B4625509542003F09B7 /* Build configuration list for PBXNativeTarget "UserRegisterTableUITests" */;
			buildPhases = (
				84E71B3325509542003F09B7 /* Sources */,
				84E71B3425509542003F09B7 /* Frameworks */,
				84E71B3525509542003F09B7 /* Resources */,
			);
			buildRules = (
			);
			dependencies = (
				84E71B3925509542003F09B7 /* PBXTargetDependency */,
			);
			name = UserRegisterTableUITests;
			productName = UserRegisterTableUITests;
			productReference = 84E71B3725509542003F09B7 /* UserRegisterTableUITests.xctest */;
			productType = "com.apple.product-type.bundle.ui-testing";
		};
/* End PBXNativeTarget section */

/* Begin PBXProject section */
		84E71B0E25509541003F09B7 /* Project object */ = {
			isa = PBXProject;
			attributes = {
				LastSwiftUpdateCheck = 1210;
				LastUpgradeCheck = 1210;
				TargetAttributes = {
					84E71B1525509541003F09B7 = {
						CreatedOnToolsVersion = 12.1;
					};
					84E71B2B25509542003F09B7 = {
						CreatedOnToolsVersion = 12.1;
						TestTargetID = 84E71B1525509541003F09B7;
					};
					84E71B3625509542003F09B7 = {
						CreatedOnToolsVersion = 12.1;
						TestTargetID = 84E71B1525509541003F09B7;
					};
				};
			};
			buildConfigurationList = 84E71B1125509541003F09B7 /* Build configuration list for PBXProject "UserRegisterTable" */;
			compatibilityVersion = "Xcode 9.3";
			developmentRegion = en;
			hasScannedForEncodings = 0;
			knownRegions = (
				en,
				Base,
			);
			mainGroup = 84E71B0D25509541003F09B7;
			productRefGroup = 84E71B1725509541003F09B7 /* Products */;
			projectDirPath = "";
			projectRoot = "";
			targets = (
				84E71B1525509541003F09B7 /* UserRegisterTable */,
				84E71B2B25509542003F09B7 /* UserRegisterTableTests */,
				84E71B3625509542003F09B7 /* UserRegisterTableUITests */,
			);
		};
/* End PBXProject section */

/* Begin PBXResourcesBuildPhase section */
		84E71B1425509541003F09B7 /* Resources */ = {
			isa = PBXResourcesBuildPhase;
			buildActionMask = 2147483647;
			files = (
				84E71B2625509542003F09B7 /* LaunchScreen.storyboard in Resources */,
				84E71B2325509542003F09B7 /* Assets.xcassets in Resources */,
				84E71B2125509541003F09B7 /* Main.storyboard in Resources */,
			);
			runOnlyForDeploymentPostprocessing = 0;
		};
		84E71B2A25509542003F09B7 /* Resources */ = {
			isa = PBXResourcesBuildPhase;
			buildActionMask = 2147483647;
			files = (
			);
			runOnlyForDeploymentPostprocessing = 0;
		};
		84E71B3525509542003F09B7 /* Resources */ = {
			isa = PBXResourcesBuildPhase;
			buildActionMask = 2147483647;
			files = (
			);
			runOnlyForDeploymentPostprocessing = 0;
		};
/* End PBXResourcesBuildPhase section */

/* Begin PBXSourcesBuildPhase section */
		84E71B1225509541003F09B7 /* Sources */ = {
			isa = PBXSourcesBuildPhase;
			buildActionMask = 2147483647;
			files = (
				84E71B1E25509541003F09B7 /* ViewController.swift in Sources */,
				84E71B1A25509541003F09B7 /* AppDelegate.swift in Sources */,
				84E71B1C25509541003F09B7 /* SceneDelegate.swift in Sources */,
			);
			runOnlyForDeploymentPostprocessing = 0;
		};
		84E71B2825509542003F09B7 /* Sources */ = {
			isa = PBXSourcesBuildPhase;
			buildActionMask = 2147483647;
			files = (
				84E71B3125509542003F09B7 /* UserRegisterTableTests.swift in Sources */,
			);
			runOnlyForDeploymentPostprocessing = 0;
		};
		84E71B3325509542003F09B7 /* Sources */ = {
			isa = PBXSourcesBuildPhase;
			buildActionMask = 2147483647;
			files = (
				84E71B3C25509542003F09B7 /* UserRegisterTableUITests.swift in Sources */,
			);
			runOnlyForDeploymentPostprocessing = 0;
		};
/* End PBXSourcesBuildPhase section */

/* Begin PBXTargetDependency section */
		84E71B2E25509542003F09B7 /* PBXTargetDependency */ = {
			isa = PBXTargetDependency;
			target = 84E71B1525509541003F09B7 /* UserRegisterTable */;
			targetProxy = 84E71B2D25509542003F09B7 /* PBXContainerItemProxy */;
		};
		84E71B3925509542003F09B7 /* PBXTargetDependency */ = {
			isa = PBXTargetDependency;
			target = 84E71B1525509541003F09B7 /* UserRegisterTable */;
			targetProxy = 84E71B3825509542003F09B7 /* PBXContainerItemProxy */;
		};
/* End PBXTargetDependency section */

/* Begin PBXVariantGroup section */
		84E71B1F25509541003F09B7 /* Main.storyboard */ = {
			isa = PBXVariantGroup;
			children = (
				84E71B2025509541003F09B7 /* Base */,
			);
			name = Main.storyboard;
			sourceTree = "<group>";
		};
		84E71B2425509542003F09B7 /* LaunchScreen.storyboard */ = {
			isa = PBXVariantGroup;
			children = (
				84E71B2525509542003F09B7 /* Base */,
			);
			name = LaunchScreen.storyboard;
			sourceTree = "<group>";
		};
/* End PBXVariantGroup section */

/* Begin XCBuildConfiguration section */
		84E71B3E25509542003F09B7 /* Debug */ = {
			isa = XCBuildConfiguration;
			buildSettings = {
				ALWAYS_SEARCH_USER_PATHS = NO;
				CLANG_ANALYZER_NONNULL = YES;
				CLANG_ANALYZER_NUMBER_OBJECT_CONVERSION = YES_AGGRESSIVE;
				CLANG_CXX_LANGUAGE_STANDARD = "gnu++14";
				CLANG_CXX_LIBRARY = "libc++";
				CLANG_ENABLE_MODULES = YES;
				CLANG_ENABLE_OBJC_ARC = YES;
				CLANG_ENABLE_OBJC_WEAK = YES;
				CLANG_WARN_BLOCK_CAPTURE_AUTORELEASING = YES;
				CLANG_WARN_BOOL_CONVERSION = YES;
				CLANG_WARN_COMMA = YES;
				CLANG_WARN_CONSTANT_CONVERSION = YES;
				CLANG_WARN_DEPRECATED_OBJC_IMPLEMENTATIONS = YES;
				CLANG_WARN_DIRECT_OBJC_ISA_USAGE = YES_ERROR;
				CLANG_WARN_DOCUMENTATION_COMMENTS = YES;
				CLANG_WARN_EMPTY_BODY = YES;
				CLANG_WARN_ENUM_CONVERSION = YES;
				CLANG_WARN_INFINITE_RECURSION = YES;
				CLANG_WARN_INT_CONVERSION = YES;
				CLANG_WARN_NON_LITERAL_NULL_CONVERSION = YES;
				CLANG_WARN_OBJC_IMPLICIT_RETAIN_SELF = YES;
				CLANG_WARN_OBJC_LITERAL_CONVERSION = YES;
				CLANG_WARN_OBJC_ROOT_CLASS = YES_ERROR;
				CLANG_WARN_QUOTED_INCLUDE_IN_FRAMEWORK_HEADER = YES;
				CLANG_WARN_RANGE_LOOP_ANALYSIS = YES;
				CLANG_WARN_STRICT_PROTOTYPES = YES;
				CLANG_WARN_SUSPICIOUS_MOVE = YES;
				CLANG_WARN_UNGUARDED_AVAILABILITY = YES_AGGRESSIVE;
				CLANG_WARN_UNREACHABLE_CODE = YES;
				CLANG_WARN__DUPLICATE_METHOD_MATCH = YES;
				COPY_PHASE_STRIP = NO;
				DEBUG_INFORMATION_FORMAT = dwarf;
				ENABLE_STRICT_OBJC_MSGSEND = YES;
				ENABLE_TESTABILITY = YES;
				GCC_C_LANGUAGE_STANDARD = gnu11;
				GCC_DYNAMIC_NO_PIC = NO;
				GCC_NO_COMMON_BLOCKS = YES;
				GCC_OPTIMIZATION_LEVEL = 0;
				GCC_PREPROCESSOR_DEFINITIONS = (
					"DEBUG=1",
					"$(inherited)",
				);
				GCC_WARN_64_TO_32_BIT_CONVERSION = YES;
				GCC_WARN_ABOUT_RETURN_TYPE = YES_ERROR;
				GCC_WARN_UNDECLARED_SELECTOR = YES;
				GCC_WARN_UNINITIALIZED_AUTOS = YES_AGGRESSIVE;
				GCC_WARN_UNUSED_FUNCTION = YES;
				GCC_WARN_UNUSED_VARIABLE = YES;
				IPHONEOS_DEPLOYMENT_TARGET = 14.1;
				MTL_ENABLE_DEBUG_INFO = INCLUDE_SOURCE;
				MTL_FAST_MATH = YES;
				ONLY_ACTIVE_ARCH = YES;
				SDKROOT = iphoneos;
				SWIFT_ACTIVE_COMPILATION_CONDITIONS = DEBUG;
				SWIFT_OPTIMIZATION_LEVEL = "-Onone";
			};
			name = Debug;
		};
		84E71B3F25509542003F09B7 /* Release */ = {
			isa = XCBuildConfiguration;
			buildSettings = {
				ALWAYS_SEARCH_USER_PATHS = NO;
				CLANG_ANALYZER_NONNULL = YES;
				CLANG_ANALYZER_NUMBER_OBJECT_CONVERSION = YES_AGGRESSIVE;
				CLANG_CXX_LANGUAGE_STANDARD = "gnu++14";
				CLANG_CXX_LIBRARY = "libc++";
				CLANG_ENABLE_MODULES = YES;
				CLANG_ENABLE_OBJC_ARC = YES;
				CLANG_ENABLE_OBJC_WEAK = YES;
				CLANG_WARN_BLOCK_CAPTURE_AUTORELEASING = YES;
				CLANG_WARN_BOOL_CONVERSION = YES;
				CLANG_WARN_COMMA = YES;
				CLANG_WARN_CONSTANT_CONVERSION = YES;
				CLANG_WARN_DEPRECATED_OBJC_IMPLEMENTATIONS = YES;
				CLANG_WARN_DIRECT_OBJC_ISA_USAGE = YES_ERROR;
				CLANG_WARN_DOCUMENTATION_COMMENTS = YES;
				CLANG_WARN_EMPTY_BODY = YES;
				CLANG_WARN_ENUM_CONVERSION = YES;
				CLANG_WARN_INFINITE_RECURSION = YES;
				CLANG_WARN_INT_CONVERSION = YES;
				CLANG_WARN_NON_LITERAL_NULL_CONVERSION = YES;
				CLANG_WARN_OBJC_IMPLICIT_RETAIN_SELF = YES;
				CLANG_WARN_OBJC_LITERAL_CONVERSION = YES;
				CLANG_WARN_OBJC_ROOT_CLASS = YES_ERROR;
				CLANG_WARN_QUOTED_INCLUDE_IN_FRAMEWORK_HEADER = YES;
				CLANG_WARN_RANGE_LOOP_ANALYSIS = YES;
				CLANG_WARN_STRICT_PROTOTYPES = YES;
				CLANG_WARN_SUSPICIOUS_MOVE = YES;
				CLANG_WARN_UNGUARDED_AVAILABILITY = YES_AGGRESSIVE;
				CLANG_WARN_UNREACHABLE_CODE = YES;
				CLANG_WARN__DUPLICATE_METHOD_MATCH = YES;
				COPY_PHASE_STRIP = NO;
				DEBUG_INFORMATION_FORMAT = "dwarf-with-dsym";
				ENABLE_NS_ASSERTIONS = NO;
				ENABLE_STRICT_OBJC_MSGSEND = YES;
				GCC_C_LANGUAGE_STANDARD = gnu11;
				GCC_NO_COMMON_BLOCKS = YES;
				GCC_WARN_64_TO_32_BIT_CONVERSION = YES;
				GCC_WARN_ABOUT_RETURN_TYPE = YES_ERROR;
				GCC_WARN_UNDECLARED_SELECTOR = YES;
				GCC_WARN_UNINITIALIZED_AUTOS = YES_AGGRESSIVE;
				GCC_WARN_UNUSED_FUNCTION = YES;
				GCC_WARN_UNUSED_VARIABLE = YES;
				IPHONEOS_DEPLOYMENT_TARGET = 14.1;
				MTL_ENABLE_DEBUG_INFO = NO;
				MTL_FAST_MATH = YES;
				SDKROOT = iphoneos;
				SWIFT_COMPILATION_MODE = wholemodule;
				SWIFT_OPTIMIZATION_LEVEL = "-O";
				VALIDATE_PRODUCT = YES;
			};
			name = Release;
		};
		84E71B4125509542003F09B7 /* Debug */ = {
			isa = XCBuildConfiguration;
			buildSettings = {
				ASSETCATALOG_COMPILER_APPICON_NAME = AppIcon;
				ASSETCATALOG_COMPILER_GLOBAL_ACCENT_COLOR_NAME = AccentColor;
				CODE_SIGN_STYLE = Automatic;
				INFOPLIST_FILE = UserRegisterTable/Info.plist;
				LD_RUNPATH_SEARCH_PATHS = (
					"$(inherited)",
					"@executable_path/Frameworks",
				);
				PRODUCT_BUNDLE_IDENTIFIER = dahua.UserRegisterTable;
				PRODUCT_NAME = "$(TARGET_NAME)";
				SWIFT_VERSION = 5.0;
				TARGETED_DEVICE_FAMILY = "1,2";
			};
			name = Debug;
		};
		84E71B4225509542003F09B7 /* Release */ = {
			isa = XCBuildConfiguration;
			buildSettings = {
				ASSETCATALOG_COMPILER_APPICON_NAME = AppIcon;
				ASSETCATALOG_COMPILER_GLOBAL_ACCENT_COLOR_NAME = AccentColor;
				CODE_SIGN_STYLE = Automatic;
				INFOPLIST_FILE = UserRegisterTable/Info.plist;
				LD_RUNPATH_SEARCH_PATHS = (
					"$(inherited)",
					"@executable_path/Frameworks",
				);
				PRODUCT_BUNDLE_IDENTIFIER = dahua.UserRegisterTable;
				PRODUCT_NAME = "$(TARGET_NAME)";
				SWIFT_VERSION = 5.0;
				TARGETED_DEVICE_FAMILY = "1,2";
			};
			name = Release;
		};
		84E71B4425509542003F09B7 /* Debug */ = {
			isa = XCBuildConfiguration;
			buildSettings = {
				ALWAYS_EMBED_SWIFT_STANDARD_LIBRARIES = YES;
				BUNDLE_LOADER = "$(TEST_HOST)";
				CODE_SIGN_STYLE = Automatic;
				INFOPLIST_FILE = UserRegisterTableTests/Info.plist;
				IPHONEOS_DEPLOYMENT_TARGET = 14.1;
				LD_RUNPATH_SEARCH_PATHS = (
					"$(inherited)",
					"@executable_path/Frameworks",
					"@loader_path/Frameworks",
				);
				PRODUCT_BUNDLE_IDENTIFIER = dahua.UserRegisterTableTests;
				PRODUCT_NAME = "$(TARGET_NAME)";
				SWIFT_VERSION = 5.0;
				TARGETED_DEVICE_FAMILY = "1,2";
				TEST_HOST = "$(BUILT_PRODUCTS_DIR)/UserRegisterTable.app/UserRegisterTable";
			};
			name = Debug;
		};
		84E71B4525509542003F09B7 /* Release */ = {
			isa = XCBuildConfiguration;
			buildSettings = {
				ALWAYS_EMBED_SWIFT_STANDARD_LIBRARIES = YES;
				BUNDLE_LOADER = "$(TEST_HOST)";
				CODE_SIGN_STYLE = Automatic;
				INFOPLIST_FILE = UserRegisterTableTests/Info.plist;
				IPHONEOS_DEPLOYMENT_TARGET = 14.1;
				LD_RUNPATH_SEARCH_PATHS = (
					"$(inherited)",
					"@executable_path/Frameworks",
					"@loader_path/Frameworks",
				);
				PRODUCT_BUNDLE_IDENTIFIER = dahua.UserRegisterTableTests;
				PRODUCT_NAME = "$(TARGET_NAME)";
				SWIFT_VERSION = 5.0;
				TARGETED_DEVICE_FAMILY = "1,2";
				TEST_HOST = "$(BUILT_PRODUCTS_DIR)/UserRegisterTable.app/UserRegisterTable";
			};
			name = Release;
		};
		84E71B4725509542003F09B7 /* Debug */ = {
			isa = XCBuildConfiguration;
			buildSettings = {
				ALWAYS_EMBED_SWIFT_STANDARD_LIBRARIES = YES;
				CODE_SIGN_STYLE = Automatic;
				INFOPLIST_FILE = UserRegisterTableUITests/Info.plist;
				LD_RUNPATH_SEARCH_PATHS = (
					"$(inherited)",
					"@executable_path/Frameworks",
					"@loader_path/Frameworks",
				);
				PRODUCT_BUNDLE_IDENTIFIER = dahua.UserRegisterTableUITests;
				PRODUCT_NAME = "$(TARGET_NAME)";
				SWIFT_VERSION = 5.0;
				TARGETED_DEVICE_FAMILY = "1,2";
				TEST_TARGET_NAME = UserRegisterTable;
			};
			name = Debug;
		};
		84E71B4825509542003F09B7 /* Release */ = {
			isa = XCBuildConfiguration;
			buildSettings = {
				ALWAYS_EMBED_SWIFT_STANDARD_LIBRARIES = YES;
				CODE_SIGN_STYLE = Automatic;
				INFOPLIST_FILE = UserRegisterTableUITests/Info.plist;
				LD_RUNPATH_SEARCH_PATHS = (
					"$(inherited)",
					"@executable_path/Frameworks",
					"@loader_path/Frameworks",
				);
				PRODUCT_BUNDLE_IDENTIFIER = dahua.UserRegisterTableUITests;
				PRODUCT_NAME = "$(TARGET_NAME)";
				SWIFT_VERSION = 5.0;
				TARGETED_DEVICE_FAMILY = "1,2";
				TEST_TARGET_NAME = UserRegisterTable;
			};
			name = Release;
		};
/* End XCBuildConfiguration section */

/* Begin XCConfigurationList section */
		84E71B1125509541003F09B7 /* Build configuration list for PBXProject "UserRegisterTable" */ = {
			isa = XCConfigurationList;
			buildConfigurations = (
				84E71B3E25509542003F09B7 /* Debug */,
				84E71B3F25509542003F09B7 /* Release */,
			);
			defaultConfigurationIsVisible = 0;
			defaultConfigurationName = Release;
		};
		84E71B4025509542003F09B7 /* Build configuration list for PBXNativeTarget "UserRegisterTable" */ = {
			isa = XCConfigurationList;
			buildConfigurations = (
				84E71B4125509542003F09B7 /* Debug */,
				84E71B4225509542003F09B7 /* Release */,
			);
			defaultConfigurationIsVisible = 0;
			defaultConfigurationName = Release;
		};
		84E71B4325509542003F09B7 /* Build configuration list for PBXNativeTarget "UserRegisterTableTests" */ = {
			isa = XCConfigurationList;
			buildConfigurations = (
				84E71B4425509542003F09B7 /* Debug */,
				84E71B4525509542003F09B7 /* Release */,
			);
			defaultConfigurationIsVisible = 0;
			defaultConfigurationName = Release;
		};
		84E71B4625509542003F09B7 /* Build configuration list for PBXNativeTarget "UserRegisterTableUITests" */ = {
			isa = XCConfigurationList;
			buildConfigurations = (
				84E71B4725509542003F09B7 /* Debug */,
				84E71B4825509542003F09B7 /* Release */,
			);
			defaultConfigurationIsVisible = 0;
			defaultConfigurationName = Release;
		};
/* End XCConfigurationList section */
	};
	rootObject = 84E71B0E25509541003F09B7 /* Project object */;
}
